[[package]]
name = "aho-corasick"
version = "0.6.4"
source = "registry+https://github.com/rust-lang/crates.io-index"
dependencies = [
 "memchr 2.0.1 (registry+https://github.com/rust-lang/crates.io-index)",
]

[[package]]
name = "atty"
version = "0.2.10"
source = "registry+https://github.com/rust-lang/crates.io-index"
dependencies = [
 "libc 0.2.42 (registry+https://github.com/rust-lang/crates.io-index)",
 "termion 1.5.1 (registry+https://github.com/rust-lang/crates.io-index)",
 "winapi 0.3.5 (registry+https://github.com/rust-lang/crates.io-index)",
]

[[package]]
name = "byteorder"
version = "1.2.3"
source = "registry+https://github.com/rust-lang/crates.io-index"

[[package]]
name = "cargo_metadata"
version = "0.1.2"
source = "registry+https://github.com/rust-lang/crates.io-index"
dependencies = [
 "serde 0.9.15 (registry+https://github.com/rust-lang/crates.io-index)",
 "serde_derive 0.9.15 (registry+https://github.com/rust-lang/crates.io-index)",
 "serde_json 0.9.10 (registry+https://github.com/rust-lang/crates.io-index)",
]

[[package]]
name = "cfg-if"
version = "0.1.3"
source = "registry+https://github.com/rust-lang/crates.io-index"

[[package]]
name = "compiletest_rs"
version = "0.3.11"
source = "registry+https://github.com/rust-lang/crates.io-index"
dependencies = [
 "diff 0.1.11 (registry+https://github.com/rust-lang/crates.io-index)",
 "filetime 0.2.1 (registry+https://github.com/rust-lang/crates.io-index)",
 "getopts 0.2.17 (registry+https://github.com/rust-lang/crates.io-index)",
 "libc 0.2.42 (registry+https://github.com/rust-lang/crates.io-index)",
 "log 0.4.2 (registry+https://github.com/rust-lang/crates.io-index)",
 "miow 0.3.1 (registry+https://github.com/rust-lang/crates.io-index)",
 "serde 1.0.66 (registry+https://github.com/rust-lang/crates.io-index)",
 "serde_derive 1.0.66 (registry+https://github.com/rust-lang/crates.io-index)",
 "serde_json 1.0.20 (registry+https://github.com/rust-lang/crates.io-index)",
 "winapi 0.3.5 (registry+https://github.com/rust-lang/crates.io-index)",
]

[[package]]
name = "diff"
version = "0.1.11"
source = "registry+https://github.com/rust-lang/crates.io-index"

[[package]]
name = "dtoa"
version = "0.4.2"
source = "registry+https://github.com/rust-lang/crates.io-index"

[[package]]
name = "env_logger"
version = "0.5.10"
source = "registry+https://github.com/rust-lang/crates.io-index"
dependencies = [
 "atty 0.2.10 (registry+https://github.com/rust-lang/crates.io-index)",
 "humantime 1.1.1 (registry+https://github.com/rust-lang/crates.io-index)",
 "log 0.4.2 (registry+https://github.com/rust-lang/crates.io-index)",
 "regex 1.0.0 (registry+https://github.com/rust-lang/crates.io-index)",
 "termcolor 0.3.6 (registry+https://github.com/rust-lang/crates.io-index)",
]

[[package]]
name = "filetime"
version = "0.2.1"
source = "registry+https://github.com/rust-lang/crates.io-index"
dependencies = [
 "cfg-if 0.1.3 (registry+https://github.com/rust-lang/crates.io-index)",
 "libc 0.2.42 (registry+https://github.com/rust-lang/crates.io-index)",
 "redox_syscall 0.1.40 (registry+https://github.com/rust-lang/crates.io-index)",
]

[[package]]
name = "getopts"
version = "0.2.17"
source = "registry+https://github.com/rust-lang/crates.io-index"

[[package]]
name = "humantime"
version = "1.1.1"
source = "registry+https://github.com/rust-lang/crates.io-index"
dependencies = [
 "quick-error 1.2.2 (registry+https://github.com/rust-lang/crates.io-index)",
]

[[package]]
name = "itoa"
version = "0.3.4"
source = "registry+https://github.com/rust-lang/crates.io-index"

[[package]]
name = "itoa"
version = "0.4.1"
source = "registry+https://github.com/rust-lang/crates.io-index"

[[package]]
name = "lazy_static"
version = "1.0.1"
source = "registry+https://github.com/rust-lang/crates.io-index"

[[package]]
name = "libc"
version = "0.2.42"
source = "registry+https://github.com/rust-lang/crates.io-index"

[[package]]
name = "log"
version = "0.3.9"
source = "registry+https://github.com/rust-lang/crates.io-index"
dependencies = [
 "log 0.4.2 (registry+https://github.com/rust-lang/crates.io-index)",
]

[[package]]
name = "log"
version = "0.4.2"
source = "registry+https://github.com/rust-lang/crates.io-index"
dependencies = [
 "cfg-if 0.1.3 (registry+https://github.com/rust-lang/crates.io-index)",
]

[[package]]
name = "log_settings"
version = "0.1.2"
source = "registry+https://github.com/rust-lang/crates.io-index"
dependencies = [
 "lazy_static 1.0.1 (registry+https://github.com/rust-lang/crates.io-index)",
]

[[package]]
name = "memchr"
version = "2.0.1"
source = "registry+https://github.com/rust-lang/crates.io-index"
dependencies = [
 "libc 0.2.42 (registry+https://github.com/rust-lang/crates.io-index)",
]

[[package]]
name = "miow"
version = "0.3.1"
source = "registry+https://github.com/rust-lang/crates.io-index"
dependencies = [
 "socket2 0.3.6 (registry+https://github.com/rust-lang/crates.io-index)",
 "winapi 0.3.5 (registry+https://github.com/rust-lang/crates.io-index)",
]

[[package]]
name = "num-traits"
version = "0.1.43"
source = "registry+https://github.com/rust-lang/crates.io-index"
dependencies = [
 "num-traits 0.2.4 (registry+https://github.com/rust-lang/crates.io-index)",
]

[[package]]
name = "num-traits"
version = "0.2.4"
source = "registry+https://github.com/rust-lang/crates.io-index"

[[package]]
name = "proc-macro2"
version = "0.4.6"
source = "registry+https://github.com/rust-lang/crates.io-index"
dependencies = [
 "unicode-xid 0.1.0 (registry+https://github.com/rust-lang/crates.io-index)",
]

[[package]]
name = "quick-error"
version = "1.2.2"
source = "registry+https://github.com/rust-lang/crates.io-index"

[[package]]
name = "quote"
version = "0.3.15"
source = "registry+https://github.com/rust-lang/crates.io-index"

[[package]]
name = "quote"
version = "0.6.3"
source = "registry+https://github.com/rust-lang/crates.io-index"
dependencies = [
 "proc-macro2 0.4.6 (registry+https://github.com/rust-lang/crates.io-index)",
]

[[package]]
name = "redox_syscall"
version = "0.1.40"
source = "registry+https://github.com/rust-lang/crates.io-index"

[[package]]
name = "redox_termios"
version = "0.1.1"
source = "registry+https://github.com/rust-lang/crates.io-index"
dependencies = [
 "redox_syscall 0.1.40 (registry+https://github.com/rust-lang/crates.io-index)",
]

[[package]]
name = "regex"
version = "1.0.0"
source = "registry+https://github.com/rust-lang/crates.io-index"
dependencies = [
 "aho-corasick 0.6.4 (registry+https://github.com/rust-lang/crates.io-index)",
 "memchr 2.0.1 (registry+https://github.com/rust-lang/crates.io-index)",
 "regex-syntax 0.6.1 (registry+https://github.com/rust-lang/crates.io-index)",
 "thread_local 0.3.5 (registry+https://github.com/rust-lang/crates.io-index)",
 "utf8-ranges 1.0.0 (registry+https://github.com/rust-lang/crates.io-index)",
]

[[package]]
name = "regex-syntax"
version = "0.6.1"
source = "registry+https://github.com/rust-lang/crates.io-index"
dependencies = [
 "ucd-util 0.1.1 (registry+https://github.com/rust-lang/crates.io-index)",
]

[[package]]
name = "seer"
version = "0.0.3"
dependencies = [
 "byteorder 1.2.3 (registry+https://github.com/rust-lang/crates.io-index)",
 "cargo_metadata 0.1.2 (registry+https://github.com/rust-lang/crates.io-index)",
 "compiletest_rs 0.3.11 (registry+https://github.com/rust-lang/crates.io-index)",
 "env_logger 0.5.10 (registry+https://github.com/rust-lang/crates.io-index)",
 "lazy_static 1.0.1 (registry+https://github.com/rust-lang/crates.io-index)",
 "log 0.4.2 (registry+https://github.com/rust-lang/crates.io-index)",
 "log_settings 0.1.2 (registry+https://github.com/rust-lang/crates.io-index)",
 "regex 1.0.0 (registry+https://github.com/rust-lang/crates.io-index)",
 "seer-z3 0.1.2 (registry+https://github.com/rust-lang/crates.io-index)",
]

[[package]]
name = "seer-z3"
version = "0.1.2"
source = "registry+https://github.com/rust-lang/crates.io-index"
dependencies = [
 "lazy_static 1.0.1 (registry+https://github.com/rust-lang/crates.io-index)",
 "libc 0.2.42 (registry+https://github.com/rust-lang/crates.io-index)",
 "log 0.3.9 (registry+https://github.com/rust-lang/crates.io-index)",
 "z3-sys 0.3.0 (registry+https://github.com/rust-lang/crates.io-index)",
]

[[package]]
name = "serde"
version = "0.9.15"
source = "registry+https://github.com/rust-lang/crates.io-index"

[[package]]
name = "serde"
version = "1.0.66"
source = "registry+https://github.com/rust-lang/crates.io-index"

[[package]]
name = "serde_codegen_internals"
version = "0.14.2"
source = "registry+https://github.com/rust-lang/crates.io-index"
dependencies = [
 "syn 0.11.11 (registry+https://github.com/rust-lang/crates.io-index)",
]

[[package]]
name = "serde_derive"
version = "0.9.15"
source = "registry+https://github.com/rust-lang/crates.io-index"
dependencies = [
 "quote 0.3.15 (registry+https://github.com/rust-lang/crates.io-index)",
 "serde_codegen_internals 0.14.2 (registry+https://github.com/rust-lang/crates.io-index)",
 "syn 0.11.11 (registry+https://github.com/rust-lang/crates.io-index)",
]

[[package]]
name = "serde_derive"
version = "1.0.66"
source = "registry+https://github.com/rust-lang/crates.io-index"
dependencies = [
 "proc-macro2 0.4.6 (registry+https://github.com/rust-lang/crates.io-index)",
 "quote 0.6.3 (registry+https://github.com/rust-lang/crates.io-index)",
 "syn 0.14.2 (registry+https://github.com/rust-lang/crates.io-index)",
]

[[package]]
name = "serde_json"
version = "0.9.10"
source = "registry+https://github.com/rust-lang/crates.io-index"
dependencies = [
 "dtoa 0.4.2 (registry+https://github.com/rust-lang/crates.io-index)",
 "itoa 0.3.4 (registry+https://github.com/rust-lang/crates.io-index)",
 "num-traits 0.1.43 (registry+https://github.com/rust-lang/crates.io-index)",
 "serde 0.9.15 (registry+https://github.com/rust-lang/crates.io-index)",
]

[[package]]
name = "serde_json"
version = "1.0.20"
source = "registry+https://github.com/rust-lang/crates.io-index"
dependencies = [
 "dtoa 0.4.2 (registry+https://github.com/rust-lang/crates.io-index)",
 "itoa 0.4.1 (registry+https://github.com/rust-lang/crates.io-index)",
 "serde 1.0.66 (registry+https://github.com/rust-lang/crates.io-index)",
]

[[package]]
name = "socket2"
version = "0.3.6"
source = "registry+https://github.com/rust-lang/crates.io-index"
dependencies = [
 "cfg-if 0.1.3 (registry+https://github.com/rust-lang/crates.io-index)",
 "libc 0.2.42 (registry+https://github.com/rust-lang/crates.io-index)",
 "redox_syscall 0.1.40 (registry+https://github.com/rust-lang/crates.io-index)",
 "winapi 0.3.5 (registry+https://github.com/rust-lang/crates.io-index)",
]

[[package]]
name = "syn"
version = "0.11.11"
source = "registry+https://github.com/rust-lang/crates.io-index"
dependencies = [
 "quote 0.3.15 (registry+https://github.com/rust-lang/crates.io-index)",
 "synom 0.11.3 (registry+https://github.com/rust-lang/crates.io-index)",
 "unicode-xid 0.0.4 (registry+https://github.com/rust-lang/crates.io-index)",
]

[[package]]
name = "syn"
version = "0.14.2"
source = "registry+https://github.com/rust-lang/crates.io-index"
dependencies = [
 "proc-macro2 0.4.6 (registry+https://github.com/rust-lang/crates.io-index)",
 "quote 0.6.3 (registry+https://github.com/rust-lang/crates.io-index)",
 "unicode-xid 0.1.0 (registry+https://github.com/rust-lang/crates.io-index)",
]

[[package]]
name = "synom"
version = "0.11.3"
source = "registry+https://github.com/rust-lang/crates.io-index"
dependencies = [
 "unicode-xid 0.0.4 (registry+https://github.com/rust-lang/crates.io-index)",
]

[[package]]
name = "termcolor"
version = "0.3.6"
source = "registry+https://github.com/rust-lang/crates.io-index"
dependencies = [
 "wincolor 0.1.6 (registry+https://github.com/rust-lang/crates.io-index)",
]

[[package]]
name = "termion"
version = "1.5.1"
source = "registry+https://github.com/rust-lang/crates.io-index"
dependencies = [
 "libc 0.2.42 (registry+https://github.com/rust-lang/crates.io-index)",
 "redox_syscall 0.1.40 (registry+https://github.com/rust-lang/crates.io-index)",
 "redox_termios 0.1.1 (registry+https://github.com/rust-lang/crates.io-index)",
]

[[package]]
name = "thread_local"
version = "0.3.5"
source = "registry+https://github.com/rust-lang/crates.io-index"
dependencies = [
 "lazy_static 1.0.1 (registry+https://github.com/rust-lang/crates.io-index)",
 "unreachable 1.0.0 (registry+https://github.com/rust-lang/crates.io-index)",
]

[[package]]
name = "ucd-util"
version = "0.1.1"
source = "registry+https://github.com/rust-lang/crates.io-index"

[[package]]
name = "unicode-xid"
version = "0.0.4"
source = "registry+https://github.com/rust-lang/crates.io-index"

[[package]]
name = "unicode-xid"
version = "0.1.0"
source = "registry+https://github.com/rust-lang/crates.io-index"

[[package]]
name = "unreachable"
version = "1.0.0"
source = "registry+https://github.com/rust-lang/crates.io-index"
dependencies = [
 "void 1.0.2 (registry+https://github.com/rust-lang/crates.io-index)",
]

[[package]]
name = "utf8-ranges"
version = "1.0.0"
source = "registry+https://github.com/rust-lang/crates.io-index"

[[package]]
name = "void"
version = "1.0.2"
source = "registry+https://github.com/rust-lang/crates.io-index"

[[package]]
name = "winapi"
version = "0.3.5"
source = "registry+https://github.com/rust-lang/crates.io-index"
dependencies = [
 "winapi-i686-pc-windows-gnu 0.4.0 (registry+https://github.com/rust-lang/crates.io-index)",
 "winapi-x86_64-pc-windows-gnu 0.4.0 (registry+https://github.com/rust-lang/crates.io-index)",
]

[[package]]
name = "winapi-i686-pc-windows-gnu"
version = "0.4.0"
source = "registry+https://github.com/rust-lang/crates.io-index"

[[package]]
name = "winapi-x86_64-pc-windows-gnu"
version = "0.4.0"
source = "registry+https://github.com/rust-lang/crates.io-index"

[[package]]
name = "wincolor"
version = "0.1.6"
source = "registry+https://github.com/rust-lang/crates.io-index"
dependencies = [
 "winapi 0.3.5 (registry+https://github.com/rust-lang/crates.io-index)",
]

[[package]]
name = "z3-sys"
version = "0.3.0"
source = "registry+https://github.com/rust-lang/crates.io-index"

[metadata]
"checksum aho-corasick 0.6.4 (registry+https://github.com/rust-lang/crates.io-index)" = "d6531d44de723825aa81398a6415283229725a00fa30713812ab9323faa82fc4"
"checksum atty 0.2.10 (registry+https://github.com/rust-lang/crates.io-index)" = "2fc4a1aa4c24c0718a250f0681885c1af91419d242f29eb8f2ab28502d80dbd1"
"checksum byteorder 1.2.3 (registry+https://github.com/rust-lang/crates.io-index)" = "74c0b906e9446b0a2e4f760cdb3fa4b2c48cdc6db8766a845c54b6ff063fd2e9"
"checksum cargo_metadata 0.1.2 (registry+https://github.com/rust-lang/crates.io-index)" = "34fdab49a2904acb112c83b62f0118de3de3ce28e52a9188dec2858e43878f25"
"checksum cfg-if 0.1.3 (registry+https://github.com/rust-lang/crates.io-index)" = "405216fd8fe65f718daa7102ea808a946b6ce40c742998fbfd3463645552de18"
"checksum compiletest_rs 0.3.11 (registry+https://github.com/rust-lang/crates.io-index)" = "04cea0fe8b8aaca8143af607ad69076866c9f08b83c4b7faca0e993e5486831b"
"checksum diff 0.1.11 (registry+https://github.com/rust-lang/crates.io-index)" = "3c2b69f912779fbb121ceb775d74d51e915af17aaebc38d28a592843a2dd0a3a"
"checksum dtoa 0.4.2 (registry+https://github.com/rust-lang/crates.io-index)" = "09c3753c3db574d215cba4ea76018483895d7bff25a31b49ba45db21c48e50ab"
"checksum env_logger 0.5.10 (registry+https://github.com/rust-lang/crates.io-index)" = "0e6e40ebb0e66918a37b38c7acab4e10d299e0463fe2af5d29b9cc86710cfd2a"
"checksum filetime 0.2.1 (registry+https://github.com/rust-lang/crates.io-index)" = "da4b9849e77b13195302c174324b5ba73eec9b236b24c221a61000daefb95c5f"
"checksum getopts 0.2.17 (registry+https://github.com/rust-lang/crates.io-index)" = "b900c08c1939860ce8b54dc6a89e26e00c04c380fd0e09796799bd7f12861e05"
"checksum humantime 1.1.1 (registry+https://github.com/rust-lang/crates.io-index)" = "0484fda3e7007f2a4a0d9c3a703ca38c71c54c55602ce4660c419fd32e188c9e"
"checksum itoa 0.3.4 (registry+https://github.com/rust-lang/crates.io-index)" = "8324a32baf01e2ae060e9de58ed0bc2320c9a2833491ee36cd3b4c414de4db8c"
"checksum itoa 0.4.1 (registry+https://github.com/rust-lang/crates.io-index)" = "c069bbec61e1ca5a596166e55dfe4773ff745c3d16b700013bcaff9a6df2c682"
"checksum lazy_static 1.0.1 (registry+https://github.com/rust-lang/crates.io-index)" = "e6412c5e2ad9584b0b8e979393122026cdd6d2a80b933f890dcd694ddbe73739"
"checksum libc 0.2.42 (registry+https://github.com/rust-lang/crates.io-index)" = "b685088df2b950fccadf07a7187c8ef846a959c142338a48f9dc0b94517eb5f1"
"checksum log 0.3.9 (registry+https://github.com/rust-lang/crates.io-index)" = "e19e8d5c34a3e0e2223db8e060f9e8264aeeb5c5fc64a4ee9965c062211c024b"
"checksum log 0.4.2 (registry+https://github.com/rust-lang/crates.io-index)" = "6fddaa003a65722a7fb9e26b0ce95921fe4ba590542ced664d8ce2fa26f9f3ac"
"checksum log_settings 0.1.2 (registry+https://github.com/rust-lang/crates.io-index)" = "19af41f0565d7c19b2058153ad0b42d4d5ce89ec4dbf06ed6741114a8b63e7cd"
"checksum memchr 2.0.1 (registry+https://github.com/rust-lang/crates.io-index)" = "796fba70e76612589ed2ce7f45282f5af869e0fdd7cc6199fa1aa1f1d591ba9d"
"checksum miow 0.3.1 (registry+https://github.com/rust-lang/crates.io-index)" = "9224c91f82b3c47cf53dcf78dfaa20d6888fbcc5d272d5f2fcdf8a697f3c987d"
"checksum num-traits 0.1.43 (registry+https://github.com/rust-lang/crates.io-index)" = "92e5113e9fd4cc14ded8e499429f396a20f98c772a47cc8622a736e1ec843c31"
"checksum num-traits 0.2.4 (registry+https://github.com/rust-lang/crates.io-index)" = "775393e285254d2f5004596d69bb8bc1149754570dcc08cf30cabeba67955e28"
"checksum proc-macro2 0.4.6 (registry+https://github.com/rust-lang/crates.io-index)" = "effdb53b25cdad54f8f48843d67398f7ef2e14f12c1b4cb4effc549a6462a4d6"
"checksum quick-error 1.2.2 (registry+https://github.com/rust-lang/crates.io-index)" = "9274b940887ce9addde99c4eee6b5c44cc494b182b97e73dc8ffdcb3397fd3f0"
"checksum quote 0.3.15 (registry+https://github.com/rust-lang/crates.io-index)" = "7a6e920b65c65f10b2ae65c831a81a073a89edd28c7cce89475bff467ab4167a"
"checksum quote 0.6.3 (registry+https://github.com/rust-lang/crates.io-index)" = "e44651a0dc4cdd99f71c83b561e221f714912d11af1a4dff0631f923d53af035"
"checksum redox_syscall 0.1.40 (registry+https://github.com/rust-lang/crates.io-index)" = "c214e91d3ecf43e9a4e41e578973adeb14b474f2bee858742d127af75a0112b1"
"checksum redox_termios 0.1.1 (registry+https://github.com/rust-lang/crates.io-index)" = "7e891cfe48e9100a70a3b6eb652fef28920c117d366339687bd5576160db0f76"
"checksum regex 1.0.0 (registry+https://github.com/rust-lang/crates.io-index)" = "75ecf88252dce580404a22444fc7d626c01815debba56a7f4f536772a5ff19d3"
"checksum regex-syntax 0.6.1 (registry+https://github.com/rust-lang/crates.io-index)" = "05b06a75f5217880fc5e905952a42750bf44787e56a6c6d6852ed0992f5e1d54"
"checksum seer-z3 0.1.2 (registry+https://github.com/rust-lang/crates.io-index)" = "79fd45b3d4e640bd42e0b4c6a9f2114b127f15098c31f1e91e535a33e2160cbb"
"checksum serde 0.9.15 (registry+https://github.com/rust-lang/crates.io-index)" = "34b623917345a631dc9608d5194cc206b3fe6c3554cd1c75b937e55e285254af"
"checksum serde 1.0.66 (registry+https://github.com/rust-lang/crates.io-index)" = "e9a2d9a9ac5120e0f768801ca2b58ad6eec929dc9d1d616c162f208869c2ce95"
"checksum serde_codegen_internals 0.14.2 (registry+https://github.com/rust-lang/crates.io-index)" = "bc888bd283bd2420b16ad0d860e35ad8acb21941180a83a189bb2046f9d00400"
"checksum serde_derive 0.9.15 (registry+https://github.com/rust-lang/crates.io-index)" = "978fd866f4d4872084a81ccc35e275158351d3b9fe620074e7d7504b816b74ba"
"checksum serde_derive 1.0.66 (registry+https://github.com/rust-lang/crates.io-index)" = "0a90213fa7e0f5eac3f7afe2d5ff6b088af515052cc7303bd68c7e3b91a3fb79"
"checksum serde_json 0.9.10 (registry+https://github.com/rust-lang/crates.io-index)" = "ad8bcf487be7d2e15d3d543f04312de991d631cfe1b43ea0ade69e6a8a5b16a1"
"checksum serde_json 1.0.20 (registry+https://github.com/rust-lang/crates.io-index)" = "fc97cccc2959f39984524026d760c08ef0dd5f0f5948c8d31797dbfae458c875"
"checksum socket2 0.3.6 (registry+https://github.com/rust-lang/crates.io-index)" = "06dc9f86ee48652b7c80f3d254e3b9accb67a928c562c64d10d7b016d3d98dab"
"checksum syn 0.11.11 (registry+https://github.com/rust-lang/crates.io-index)" = "d3b891b9015c88c576343b9b3e41c2c11a51c219ef067b264bd9c8aa9b441dad"
"checksum syn 0.14.2 (registry+https://github.com/rust-lang/crates.io-index)" = "c67da57e61ebc7b7b6fff56bb34440ca3a83db037320b0507af4c10368deda7d"
"checksum synom 0.11.3 (registry+https://github.com/rust-lang/crates.io-index)" = "a393066ed9010ebaed60b9eafa373d4b1baac186dd7e008555b0f702b51945b6"
"checksum termcolor 0.3.6 (registry+https://github.com/rust-lang/crates.io-index)" = "adc4587ead41bf016f11af03e55a624c06568b5a19db4e90fde573d805074f83"
"checksum termion 1.5.1 (registry+https://github.com/rust-lang/crates.io-index)" = "689a3bdfaab439fd92bc87df5c4c78417d3cbe537487274e9b0b2dce76e92096"
"checksum thread_local 0.3.5 (registry+https://github.com/rust-lang/crates.io-index)" = "279ef31c19ededf577bfd12dfae728040a21f635b06a24cd670ff510edd38963"
"checksum ucd-util 0.1.1 (registry+https://github.com/rust-lang/crates.io-index)" = "fd2be2d6639d0f8fe6cdda291ad456e23629558d466e2789d2c3e9892bda285d"
"checksum unicode-xid 0.0.4 (registry+https://github.com/rust-lang/crates.io-index)" = "8c1f860d7d29cf02cb2f3f359fd35991af3d30bac52c57d265a3c461074cb4dc"
"checksum unicode-xid 0.1.0 (registry+https://github.com/rust-lang/crates.io-index)" = "fc72304796d0818e357ead4e000d19c9c174ab23dc11093ac919054d20a6a7fc"
"checksum unreachable 1.0.0 (registry+https://github.com/rust-lang/crates.io-index)" = "382810877fe448991dfc7f0dd6e3ae5d58088fd0ea5e35189655f84e6814fa56"
"checksum utf8-ranges 1.0.0 (registry+https://github.com/rust-lang/crates.io-index)" = "662fab6525a98beff2921d7f61a39e7d59e0b425ebc7d0d9e66d316e55124122"
"checksum void 1.0.2 (registry+https://github.com/rust-lang/crates.io-index)" = "6a02e4885ed3bc0f2de90ea6dd45ebcbb66dacffe03547fadbb0eeae2770887d"
"checksum winapi 0.3.5 (registry+https://github.com/rust-lang/crates.io-index)" = "773ef9dcc5f24b7d850d0ff101e542ff24c3b090a9768e03ff889fdef41f00fd"
"checksum winapi-i686-pc-windows-gnu 0.4.0 (registry+https://github.com/rust-lang/crates.io-index)" = "ac3b87c63620426dd9b991e5ce0329eff545bccbbb34f3be09ff6fb6ab51b7b6"
"checksum winapi-x86_64-pc-windows-gnu 0.4.0 (registry+https://github.com/rust-lang/crates.io-index)" = "712e227841d057c1ee1cd2fb22fa7e5a5461ae8e48fa2ca79ec42cfc1931183f"
"checksum wincolor 0.1.6 (registry+https://github.com/rust-lang/crates.io-index)" = "eeb06499a3a4d44302791052df005d5232b927ed1a9658146d842165c4de7767"
"checksum z3-sys 0.3.0 (registry+https://github.com/rust-lang/crates.io-index)" = "b9b683d22042dbcd04b737ba483fc6d0242a4a58289803d096154b3e007f963d"
